PODS:
  - JGProgressHUD (2.0.3)
  - KIF (3.7.4):
    - KIF/Core (= 3.7.4)
  - KIF/Core (3.7.4)
  - KIF/IdentifierTests (3.7.4):
    - KIF/Core
  - Kiwi (3.0.0)
  - Nimble (8.0.1)
  - Quick (2.1.0)

DEPENDENCIES:
  - JGProgressHUD
  - KIF
  - KIF/IdentifierTests
  - Kiwi (= 3.0.0)
  - Nimble (= 8.0.1)
  - Quick (= 2.1.0)

SPEC REPOS:
  https://github.com/cocoapods/specs.git:
    - JGProgressHUD
    - KIF
    - Kiwi
    - Nimble
    - Quick

SPEC CHECKSUMS:
  JGProgressHUD: 12b20a8f4ffe05258f8635c1ab92816e451f904d
  KIF: f3d01c109ee9d1cfe6b0f2bb2aa278e807e971e2
  Kiwi: fbeafef0f00e4d8f7dcb3420a4930afe70af77f7
  Nimble: 45f786ae66faa9a709624227fae502db55a8bdd0
  Quick: 4be43f6634acfa727dd106bdf3929ce125ffa79d

PODFILE CHECKSUM: ca0c7253b8216516a99720dd60c56a15826d0560

COCOAPODS: 1.7.0.beta.3
