PODS:
  - JGProgressHUD (2.0.3)
  - KIF (3.7.4):
    - KIF/Core (= 3.7.4)
  - KIF/Core (3.7.4)
  - KIF/IdentifierTests (3.7.4):
    - KIF/Core

DEPENDENCIES:
  - JGProgressHUD
  - KIF
  - KIF/IdentifierTests

SPEC REPOS:
  https://github.com/cocoapods/specs.git:
    - JGProgressHUD
    - KIF

SPEC CHECKSUMS:
  JGProgressHUD: 12b20a8f4ffe05258f8635c1ab92816e451f904d
  KIF: f3d01c109ee9d1cfe6b0f2bb2aa278e807e971e2

PODFILE CHECKSUM: e511f7d3a18743b25c52cabf78787fdea010316a

COCOAPODS: 1.5.3
