// !$*UTF8*$!
{
	archiveVersion = 1;
	classes = {
	};
	objectVersion = 50;
	objects = {

/* Begin PBXBuildFile section */
		09363126AB96B001C6FB7726 /* libPods-NotesTests.a in Frameworks */ = {isa = PBXBuildFile; fileRef = 706155CF697917E720BF4597 /* libPods-NotesTests.a */; };
		7FB0B62855E7C093FD12374B /* libPods-Notes.a in Frameworks */ = {isa = PBXBuildFile; fileRef = 54A8C30C13C5DE4A2C181CC5 /* libPods-Notes.a */; };
		841EBDE721E7855E0031F735 /* UITextField+Dropdown.swift in Sources */ = {isa = PBXBuildFile; fileRef = 841EBDE621E7855E0031F735 /* UITextField+Dropdown.swift */; };
		841EBDE921E786320031F735 /* PickerView.swift in Sources */ = {isa = PBXBuildFile; fileRef = 841EBDE821E786320031F735 /* PickerView.swift */; };
		841EBDEB21E7898B0031F735 /* NoteEditViewController.swift in Sources */ = {isa = PBXBuildFile; fileRef = 841EBDEA21E7898B0031F735 /* NoteEditViewController.swift */; };
		8421FB1821E66DFF000A3B40 /* NoteDetailsViewController.swift in Sources */ = {isa = PBXBuildFile; fileRef = 8421FB1721E66DFF000A3B40 /* NoteDetailsViewController.swift */; };
		84424D4C21E8E6AA00E11BD1 /* Utils.m in Sources */ = {isa = PBXBuildFile; fileRef = 84424D4B21E8E6AA00E11BD1 /* Utils.m */; };
		845A297E21ED154000DCC911 /* libKiwi.a in Frameworks */ = {isa = PBXBuildFile; fileRef = 845A297D21ED154000DCC911 /* libKiwi.a */; };
		845A298321ED17DB00DCC911 /* NotesKiwiTest.m in Sources */ = {isa = PBXBuildFile; fileRef = 845A298221ED17DB00DCC911 /* NotesKiwiTest.m */; };
		845A298621ED1ADC00DCC911 /* NotesQuickNimbleTest.swift in Sources */ = {isa = PBXBuildFile; fileRef = 845A298521ED1ADC00DCC911 /* NotesQuickNimbleTest.swift */; };
		845A298821ED1CC700DCC911 /* libNimble.a in Frameworks */ = {isa = PBXBuildFile; fileRef = 845A298721ED1CC700DCC911 /* libNimble.a */; };
		845A298A21ED1CCA00DCC911 /* libQuick.a in Frameworks */ = {isa = PBXBuildFile; fileRef = 845A298921ED1CCA00DCC911 /* libQuick.a */; };
		848798E121E648C000A1FE15 /* UIViewController+Alerts.m in Sources */ = {isa = PBXBuildFile; fileRef = 848798E021E648C000A1FE15 /* UIViewController+Alerts.m */; };
		8493654421E4F4B600E63BEF /* DataManager.m in Sources */ = {isa = PBXBuildFile; fileRef = 8493654321E4F4B600E63BEF /* DataManager.m */; };
		84CA787E21E91A4700E1A5BC /* NotesUIKIFTests.m in Sources */ = {isa = PBXBuildFile; fileRef = 84CA787D21E91A4700E1A5BC /* NotesUIKIFTests.m */; };
		84CA788821E91B3E00E1A5BC /* KIFUITestActor+EXAdditions.m in Sources */ = {isa = PBXBuildFile; fileRef = 84CA787521E9185800E1A5BC /* KIFUITestActor+EXAdditions.m */; };
		84D6132021ECF85200D60CBE /* libKIF.a in Frameworks */ = {isa = PBXBuildFile; fileRef = 84D6131F21ECF85200D60CBE /* libKIF.a */; };
		84F3C0F721E3A2320058B573 /* AppDelegate.m in Sources */ = {isa = PBXBuildFile; fileRef = 84F3C0F621E3A2320058B573 /* AppDelegate.m */; };
		84F3C0FA21E3A2320058B573 /* ViewController.m in Sources */ = {isa = PBXBuildFile; fileRef = 84F3C0F921E3A2320058B573 /* ViewController.m */; };
		84F3C0FD21E3A2320058B573 /* Main.storyboard in Resources */ = {isa = PBXBuildFile; fileRef = 84F3C0FB21E3A2320058B573 /* Main.storyboard */; };
		84F3C0FF21E3A2330058B573 /* Assets.xcassets in Resources */ = {isa = PBXBuildFile; fileRef = 84F3C0FE21E3A2330058B573 /* Assets.xcassets */; };
		84F3C10221E3A2330058B573 /* LaunchScreen.storyboard in Resources */ = {isa = PBXBuildFile; fileRef = 84F3C10021E3A2330058B573 /* LaunchScreen.storyboard */; };
		84F3C10521E3A2330058B573 /* main.m in Sources */ = {isa = PBXBuildFile; fileRef = 84F3C10421E3A2330058B573 /* main.m */; };
		84F3C10F21E3A2330058B573 /* NotesTests.m in Sources */ = {isa = PBXBuildFile; fileRef = 84F3C10E21E3A2330058B573 /* NotesTests.m */; };
		84F3C12821E3A29A0058B573 /* notes.json in Resources */ = {isa = PBXBuildFile; fileRef = 84F3C12721E3A29A0058B573 /* notes.json */; };
		84F3C12B21E3A5AC0058B573 /* Note.m in Sources */ = {isa = PBXBuildFile; fileRef = 84F3C12A21E3A5AC0058B573 /* Note.m */; };
		84F3C12E21E3AC960058B573 /* Category.m in Sources */ = {isa = PBXBuildFile; fileRef = 84F3C12D21E3AC960058B573 /* Category.m */; };
		84F3C13221E3D08F0058B573 /* NoteTableViewCell.xib in Resources */ = {isa = PBXBuildFile; fileRef = 84F3C13121E3D08F0058B573 /* NoteTableViewCell.xib */; };
		84F3C13521E3D1180058B573 /* NoteTableViewCell.m in Sources */ = {isa = PBXBuildFile; fileRef = 84F3C13421E3D1180058B573 /* NoteTableViewCell.m */; };
		D2CCD0372F344D1FC462744C /* libPods-NotesUIKIFTests.a in Frameworks */ = {isa = PBXBuildFile; fileRef = AB320E81824F29ED730C9B25 /* libPods-NotesUIKIFTests.a */; };
/* End PBXBuildFile section */

/* Begin PBXContainerItemProxy section */
		84CA788021E91A4700E1A5BC /* PBXContainerItemProxy */ = {
			isa = PBXContainerItemProxy;
			containerPortal = 84F3C0EA21E3A2320058B573 /* Project object */;
			proxyType = 1;
			remoteGlobalIDString = 84F3C0F121E3A2320058B573;
			remoteInfo = Notes;
		};
		84F3C10B21E3A2330058B573 /* PBXContainerItemProxy */ = {
			isa = PBXContainerItemProxy;
			containerPortal = 84F3C0EA21E3A2320058B573 /* Project object */;
			proxyType = 1;
			remoteGlobalIDString = 84F3C0F121E3A2320058B573;
			remoteInfo = Notes;
		};
/* End PBXContainerItemProxy section */

/* Begin PBXFileReference section */
		0004B4C4A925C9CFDF1CBFE3 /* Pods-NotesUIKIFTests.debug.xcconfig */ = {isa = PBXFileReference; includeInIndex = 1; lastKnownFileType = text.xcconfig; name = "Pods-NotesUIKIFTests.debug.xcconfig"; path = "Pods/Target Support Files/Pods-NotesUIKIFTests/Pods-NotesUIKIFTests.debug.xcconfig"; sourceTree = "<group>"; };
		006FDB1CF1A081A376E6C1BB /* Pods-NotesTests.debug.xcconfig */ = {isa = PBXFileReference; includeInIndex = 1; lastKnownFileType = text.xcconfig; name = "Pods-NotesTests.debug.xcconfig"; path = "Pods/Target Support Files/Pods-NotesTests/Pods-NotesTests.debug.xcconfig"; sourceTree = "<group>"; };
		28386E623299265DBD2D13E0 /* Pods-Notes.release.xcconfig */ = {isa = PBXFileReference; includeInIndex = 1; lastKnownFileType = text.xcconfig; name = "Pods-Notes.release.xcconfig"; path = "Pods/Target Support Files/Pods-Notes/Pods-Notes.release.xcconfig"; sourceTree = "<group>"; };
		53ED43AD47ABDD29E5E8D539 /* Pods-NotesUIKIFTests.release.xcconfig */ = {isa = PBXFileReference; includeInIndex = 1; lastKnownFileType = text.xcconfig; name = "Pods-NotesUIKIFTests.release.xcconfig"; path = "Pods/Target Support Files/Pods-NotesUIKIFTests/Pods-NotesUIKIFTests.release.xcconfig"; sourceTree = "<group>"; };
		54A8C30C13C5DE4A2C181CC5 /* libPods-Notes.a */ = {isa = PBXFileReference; explicitFileType = archive.ar; includeInIndex = 0; path = "libPods-Notes.a"; sourceTree = BUILT_PRODUCTS_DIR; };
		706155CF697917E720BF4597 /* libPods-NotesTests.a */ = {isa = PBXFileReference; explicitFileType = archive.ar; includeInIndex = 0; path = "libPods-NotesTests.a"; sourceTree = BUILT_PRODUCTS_DIR; };
		7AC77A354804BDAB62CB8D84 /* Pods-Notes.debug.xcconfig */ = {isa = PBXFileReference; includeInIndex = 1; lastKnownFileType = text.xcconfig; name = "Pods-Notes.debug.xcconfig"; path = "Pods/Target Support Files/Pods-Notes/Pods-Notes.debug.xcconfig"; sourceTree = "<group>"; };
		841EBDE621E7855E0031F735 /* UITextField+Dropdown.swift */ = {isa = PBXFileReference; lastKnownFileType = sourcecode.swift; path = "UITextField+Dropdown.swift"; sourceTree = "<group>"; };
		841EBDE821E786320031F735 /* PickerView.swift */ = {isa = PBXFileReference; lastKnownFileType = sourcecode.swift; path = PickerView.swift; sourceTree = "<group>"; };
		841EBDEA21E7898B0031F735 /* NoteEditViewController.swift */ = {isa = PBXFileReference; lastKnownFileType = sourcecode.swift; path = NoteEditViewController.swift; sourceTree = "<group>"; };
		8421FB1621E66DFE000A3B40 /* Notes-Bridging-Header.h */ = {isa = PBXFileReference; lastKnownFileType = sourcecode.c.h; path = "Notes-Bridging-Header.h"; sourceTree = "<group>"; };
		8421FB1721E66DFF000A3B40 /* NoteDetailsViewController.swift */ = {isa = PBXFileReference; lastKnownFileType = sourcecode.swift; path = NoteDetailsViewController.swift; sourceTree = "<group>"; };
		84424D4A21E8E6AA00E11BD1 /* Utils.h */ = {isa = PBXFileReference; lastKnownFileType = sourcecode.c.h; path = Utils.h; sourceTree = "<group>"; };
		84424D4B21E8E6AA00E11BD1 /* Utils.m */ = {isa = PBXFileReference; lastKnownFileType = sourcecode.c.objc; path = Utils.m; sourceTree = "<group>"; };
		845A297D21ED154000DCC911 /* libKiwi.a */ = {isa = PBXFileReference; explicitFileType = archive.ar; path = libKiwi.a; sourceTree = BUILT_PRODUCTS_DIR; };
		845A298221ED17DB00DCC911 /* NotesKiwiTest.m */ = {isa = PBXFileReference; lastKnownFileType = sourcecode.c.objc; path = NotesKiwiTest.m; sourceTree = "<group>"; };
		845A298421ED1ADB00DCC911 /* NotesTests-Bridging-Header.h */ = {isa = PBXFileReference; lastKnownFileType = sourcecode.c.h; path = "NotesTests-Bridging-Header.h"; sourceTree = "<group>"; };
		845A298521ED1ADC00DCC911 /* NotesQuickNimbleTest.swift */ = {isa = PBXFileReference; lastKnownFileType = sourcecode.swift; path = NotesQuickNimbleTest.swift; sourceTree = "<group>"; };
		845A298721ED1CC700DCC911 /* libNimble.a */ = {isa = PBXFileReference; explicitFileType = archive.ar; path = libNimble.a; sourceTree = BUILT_PRODUCTS_DIR; };
		845A298921ED1CCA00DCC911 /* libQuick.a */ = {isa = PBXFileReference; explicitFileType = archive.ar; path = libQuick.a; sourceTree = BUILT_PRODUCTS_DIR; };
		848798DF21E648C000A1FE15 /* UIViewController+Alerts.h */ = {isa = PBXFileReference; lastKnownFileType = sourcecode.c.h; path = "UIViewController+Alerts.h"; sourceTree = "<group>"; };
		848798E021E648C000A1FE15 /* UIViewController+Alerts.m */ = {isa = PBXFileReference; lastKnownFileType = sourcecode.c.objc; path = "UIViewController+Alerts.m"; sourceTree = "<group>"; };
		8493654221E4F4B600E63BEF /* DataManager.h */ = {isa = PBXFileReference; lastKnownFileType = sourcecode.c.h; path = DataManager.h; sourceTree = "<group>"; };
		8493654321E4F4B600E63BEF /* DataManager.m */ = {isa = PBXFileReference; lastKnownFileType = sourcecode.c.objc; path = DataManager.m; sourceTree = "<group>"; };
		84CA787421E9185800E1A5BC /* KIFUITestActor+EXAdditions.h */ = {isa = PBXFileReference; lastKnownFileType = sourcecode.c.h; path = "KIFUITestActor+EXAdditions.h"; sourceTree = "<group>"; };
		84CA787521E9185800E1A5BC /* KIFUITestActor+EXAdditions.m */ = {isa = PBXFileReference; lastKnownFileType = sourcecode.c.objc; path = "KIFUITestActor+EXAdditions.m"; sourceTree = "<group>"; };
		84CA787B21E91A4700E1A5BC /* NotesUIKIFTests.xctest */ = {isa = PBXFileReference; explicitFileType = wrapper.cfbundle; includeInIndex = 0; path = NotesUIKIFTests.xctest; sourceTree = BUILT_PRODUCTS_DIR; };
		84CA787D21E91A4700E1A5BC /* NotesUIKIFTests.m */ = {isa = PBXFileReference; lastKnownFileType = sourcecode.c.objc; path = NotesUIKIFTests.m; sourceTree = "<group>"; };
		84CA787F21E91A4700E1A5BC /* Info.plist */ = {isa = PBXFileReference; lastKnownFileType = text.plist.xml; path = Info.plist; sourceTree = "<group>"; };
		84D6131F21ECF85200D60CBE /* libKIF.a */ = {isa = PBXFileReference; explicitFileType = archive.ar; path = libKIF.a; sourceTree = BUILT_PRODUCTS_DIR; };
		84F3C0F221E3A2320058B573 /* Notes.app */ = {isa = PBXFileReference; explicitFileType = wrapper.application; includeInIndex = 0; path = Notes.app; sourceTree = BUILT_PRODUCTS_DIR; };
		84F3C0F521E3A2320058B573 /* AppDelegate.h */ = {isa = PBXFileReference; lastKnownFileType = sourcecode.c.h; path = AppDelegate.h; sourceTree = "<group>"; };
		84F3C0F621E3A2320058B573 /* AppDelegate.m */ = {isa = PBXFileReference; lastKnownFileType = sourcecode.c.objc; path = AppDelegate.m; sourceTree = "<group>"; };
		84F3C0F821E3A2320058B573 /* ViewController.h */ = {isa = PBXFileReference; lastKnownFileType = sourcecode.c.h; path = ViewController.h; sourceTree = "<group>"; };
		84F3C0F921E3A2320058B573 /* ViewController.m */ = {isa = PBXFileReference; lastKnownFileType = sourcecode.c.objc; path = ViewController.m; sourceTree = "<group>"; };
		84F3C0FC21E3A2320058B573 /* Base */ = {isa = PBXFileReference; lastKnownFileType = file.storyboard; name = Base; path = Base.lproj/Main.storyboard; sourceTree = "<group>"; };
		84F3C0FE21E3A2330058B573 /* Assets.xcassets */ = {isa = PBXFileReference; lastKnownFileType = folder.assetcatalog; path = Assets.xcassets; sourceTree = "<group>"; };
		84F3C10121E3A2330058B573 /* Base */ = {isa = PBXFileReference; lastKnownFileType = file.storyboard; name = Base; path = Base.lproj/LaunchScreen.storyboard; sourceTree = "<group>"; };
		84F3C10321E3A2330058B573 /* Info.plist */ = {isa = PBXFileReference; lastKnownFileType = text.plist.xml; path = Info.plist; sourceTree = "<group>"; };
		84F3C10421E3A2330058B573 /* main.m */ = {isa = PBXFileReference; lastKnownFileType = sourcecode.c.objc; path = main.m; sourceTree = "<group>"; };
		84F3C10A21E3A2330058B573 /* NotesTests.xctest */ = {isa = PBXFileReference; explicitFileType = wrapper.cfbundle; includeInIndex = 0; path = NotesTests.xctest; sourceTree = BUILT_PRODUCTS_DIR; };
		84F3C10E21E3A2330058B573 /* NotesTests.m */ = {isa = PBXFileReference; lastKnownFileType = sourcecode.c.objc; path = NotesTests.m; sourceTree = "<group>"; };
		84F3C11021E3A2330058B573 /* Info.plist */ = {isa = PBXFileReference; lastKnownFileType = text.plist.xml; path = Info.plist; sourceTree = "<group>"; };
		84F3C12721E3A29A0058B573 /* notes.json */ = {isa = PBXFileReference; fileEncoding = 4; lastKnownFileType = text.json; path = notes.json; sourceTree = "<group>"; };
		84F3C12921E3A5AC0058B573 /* Note.h */ = {isa = PBXFileReference; lastKnownFileType = sourcecode.c.h; path = Note.h; sourceTree = "<group>"; };
		84F3C12A21E3A5AC0058B573 /* Note.m */ = {isa = PBXFileReference; lastKnownFileType = sourcecode.c.objc; path = Note.m; sourceTree = "<group>"; };
		84F3C12C21E3AC960058B573 /* Category.h */ = {isa = PBXFileReference; lastKnownFileType = sourcecode.c.h; path = Category.h; sourceTree = "<group>"; };
		84F3C12D21E3AC960058B573 /* Category.m */ = {isa = PBXFileReference; lastKnownFileType = sourcecode.c.objc; path = Category.m; sourceTree = "<group>"; };
		84F3C13121E3D08F0058B573 /* NoteTableViewCell.xib */ = {isa = PBXFileReference; lastKnownFileType = file.xib; path = NoteTableViewCell.xib; sourceTree = "<group>"; };
		84F3C13321E3D1180058B573 /* NoteTableViewCell.h */ = {isa = PBXFileReference; lastKnownFileType = sourcecode.c.h; path = NoteTableViewCell.h; sourceTree = "<group>"; };
		84F3C13421E3D1180058B573 /* NoteTableViewCell.m */ = {isa = PBXFileReference; lastKnownFileType = sourcecode.c.objc; path = NoteTableViewCell.m; sourceTree = "<group>"; };
		AB320E81824F29ED730C9B25 /* libPods-NotesUIKIFTests.a */ = {isa = PBXFileReference; explicitFileType = archive.ar; includeInIndex = 0; path = "libPods-NotesUIKIFTests.a"; sourceTree = BUILT_PRODUCTS_DIR; };
		D7343F77B0F27D20E5DB39BD /* Pods-NotesTests.release.xcconfig */ = {isa = PBXFileReference; includeInIndex = 1; lastKnownFileType = text.xcconfig; name = "Pods-NotesTests.release.xcconfig"; path = "Pods/Target Support Files/Pods-NotesTests/Pods-NotesTests.release.xcconfig"; sourceTree = "<group>"; };
/* End PBXFileReference section */

/* Begin PBXFrameworksBuildPhase section */
		84CA787821E91A4700E1A5BC /* Frameworks */ = {
			isa = PBXFrameworksBuildPhase;
			buildActionMask = 2147483647;
			files = (
				84D6132021ECF85200D60CBE /* libKIF.a in Frameworks */,
				D2CCD0372F344D1FC462744C /* libPods-NotesUIKIFTests.a in Frameworks */,
			);
			runOnlyForDeploymentPostprocessing = 0;
		};
		84F3C0EF21E3A2320058B573 /* Frameworks */ = {
			isa = PBXFrameworksBuildPhase;
			buildActionMask = 2147483647;
			files = (
				7FB0B62855E7C093FD12374B /* libPods-Notes.a in Frameworks */,
			);
			runOnlyForDeploymentPostprocessing = 0;
		};
		84F3C10721E3A2330058B573 /* Frameworks */ = {
			isa = PBXFrameworksBuildPhase;
			buildActionMask = 2147483647;
			files = (
				845A298A21ED1CCA00DCC911 /* libQuick.a in Frameworks */,
				845A298821ED1CC700DCC911 /* libNimble.a in Frameworks */,
				845A297E21ED154000DCC911 /* libKiwi.a in Frameworks */,
				09363126AB96B001C6FB7726 /* libPods-NotesTests.a in Frameworks */,
			);
			runOnlyForDeploymentPostprocessing = 0;
		};
/* End PBXFrameworksBuildPhase section */

/* Begin PBXGroup section */
		84CA787C21E91A4700E1A5BC /* NotesUIKIFTests */ = {
			isa = PBXGroup;
			children = (
				84CA787421E9185800E1A5BC /* KIFUITestActor+EXAdditions.h */,
				84CA787521E9185800E1A5BC /* KIFUITestActor+EXAdditions.m */,
				84CA787D21E91A4700E1A5BC /* NotesUIKIFTests.m */,
				84CA787F21E91A4700E1A5BC /* Info.plist */,
			);
			path = NotesUIKIFTests;
			sourceTree = "<group>";
		};
		84E54B9E21ED01D000663281 /* Model */ = {
			isa = PBXGroup;
			children = (
				84F3C12921E3A5AC0058B573 /* Note.h */,
				84F3C12A21E3A5AC0058B573 /* Note.m */,
				84F3C12C21E3AC960058B573 /* Category.h */,
				84F3C12D21E3AC960058B573 /* Category.m */,
				8493654221E4F4B600E63BEF /* DataManager.h */,
				8493654321E4F4B600E63BEF /* DataManager.m */,
			);
			path = Model;
			sourceTree = "<group>";
		};
		84E54B9F21ED01E100663281 /* Views */ = {
			isa = PBXGroup;
			children = (
				84F3C0F821E3A2320058B573 /* ViewController.h */,
				84F3C0F921E3A2320058B573 /* ViewController.m */,
				84F3C0FB21E3A2320058B573 /* Main.storyboard */,
				84F3C13121E3D08F0058B573 /* NoteTableViewCell.xib */,
				84F3C13321E3D1180058B573 /* NoteTableViewCell.h */,
				84F3C13421E3D1180058B573 /* NoteTableViewCell.m */,
				8421FB1721E66DFF000A3B40 /* NoteDetailsViewController.swift */,
				841EBDEA21E7898B0031F735 /* NoteEditViewController.swift */,
			);
			path = Views;
			sourceTree = "<group>";
		};
		84E54BA021ED01F400663281 /* Utils */ = {
			isa = PBXGroup;
			children = (
				848798DF21E648C000A1FE15 /* UIViewController+Alerts.h */,
				848798E021E648C000A1FE15 /* UIViewController+Alerts.m */,
				841EBDE621E7855E0031F735 /* UITextField+Dropdown.swift */,
				841EBDE821E786320031F735 /* PickerView.swift */,
				84424D4A21E8E6AA00E11BD1 /* Utils.h */,
				84424D4B21E8E6AA00E11BD1 /* Utils.m */,
			);
			path = Utils;
			sourceTree = "<group>";
		};
		84F3C0E921E3A2320058B573 = {
			isa = PBXGroup;
			children = (
				84F3C0F421E3A2320058B573 /* Notes */,
				84F3C10D21E3A2330058B573 /* NotesTests */,
				84CA787C21E91A4700E1A5BC /* NotesUIKIFTests */,
				84F3C0F321E3A2320058B573 /* Products */,
				B9A2040EADED0553CE1AEBF7 /* Pods */,
				B5CF5A166E296605C8E4C1F9 /* Frameworks */,
				845A298421ED1ADB00DCC911 /* NotesTests-Bridging-Header.h */,
			);
			sourceTree = "<group>";
		};
		84F3C0F321E3A2320058B573 /* Products */ = {
			isa = PBXGroup;
			children = (
				84F3C0F221E3A2320058B573 /* Notes.app */,
				84F3C10A21E3A2330058B573 /* NotesTests.xctest */,
				84CA787B21E91A4700E1A5BC /* NotesUIKIFTests.xctest */,
			);
			name = Products;
			sourceTree = "<group>";
		};
		84F3C0F421E3A2320058B573 /* Notes */ = {
			isa = PBXGroup;
			children = (
				84F3C12721E3A29A0058B573 /* notes.json */,
				84F3C0F521E3A2320058B573 /* AppDelegate.h */,
				84F3C0F621E3A2320058B573 /* AppDelegate.m */,
				84F3C0FE21E3A2330058B573 /* Assets.xcassets */,
				84F3C10021E3A2330058B573 /* LaunchScreen.storyboard */,
				84F3C10321E3A2330058B573 /* Info.plist */,
				84F3C10421E3A2330058B573 /* main.m */,
				84E54B9F21ED01E100663281 /* Views */,
				84E54B9E21ED01D000663281 /* Model */,
				84E54BA021ED01F400663281 /* Utils */,
				8421FB1621E66DFE000A3B40 /* Notes-Bridging-Header.h */,
			);
			path = Notes;
			sourceTree = "<group>";
		};
		84F3C10D21E3A2330058B573 /* NotesTests */ = {
			isa = PBXGroup;
			children = (
				845A298521ED1ADC00DCC911 /* NotesQuickNimbleTest.swift */,
				845A298221ED17DB00DCC911 /* NotesKiwiTest.m */,
				84F3C10E21E3A2330058B573 /* NotesTests.m */,
				84F3C11021E3A2330058B573 /* Info.plist */,
			);
			path = NotesTests;
			sourceTree = "<group>";
		};
		B5CF5A166E296605C8E4C1F9 /* Frameworks */ = {
			isa = PBXGroup;
			children = (
				845A298921ED1CCA00DCC911 /* libQuick.a */,
				845A298721ED1CC700DCC911 /* libNimble.a */,
				845A297D21ED154000DCC911 /* libKiwi.a */,
				84D6131F21ECF85200D60CBE /* libKIF.a */,
				54A8C30C13C5DE4A2C181CC5 /* libPods-Notes.a */,
				706155CF697917E720BF4597 /* libPods-NotesTests.a */,
				AB320E81824F29ED730C9B25 /* libPods-NotesUIKIFTests.a */,
			);
			name = Frameworks;
			sourceTree = "<group>";
		};
		B9A2040EADED0553CE1AEBF7 /* Pods */ = {
			isa = PBXGroup;
			children = (
				7AC77A354804BDAB62CB8D84 /* Pods-Notes.debug.xcconfig */,
				28386E623299265DBD2D13E0 /* Pods-Notes.release.xcconfig */,
				0004B4C4A925C9CFDF1CBFE3 /* Pods-NotesUIKIFTests.debug.xcconfig */,
				53ED43AD47ABDD29E5E8D539 /* Pods-NotesUIKIFTests.release.xcconfig */,
				006FDB1CF1A081A376E6C1BB /* Pods-NotesTests.debug.xcconfig */,
				D7343F77B0F27D20E5DB39BD /* Pods-NotesTests.release.xcconfig */,
			);
			name = Pods;
			sourceTree = "<group>";
		};
/* End PBXGroup section */

/* Begin PBXNativeTarget section */
		84CA787A21E91A4700E1A5BC /* NotesUIKIFTests */ = {
			isa = PBXNativeTarget;
			buildConfigurationList = 84CA788221E91A4700E1A5BC /* Build configuration list for PBXNativeTarget "NotesUIKIFTests" */;
			buildPhases = (
				3766A6F312F9EFECCA1F2534 /* [CP] Check Pods Manifest.lock */,
				84CA787721E91A4700E1A5BC /* Sources */,
				84CA787821E91A4700E1A5BC /* Frameworks */,
				84CA787921E91A4700E1A5BC /* Resources */,
			);
			buildRules = (
			);
			dependencies = (
				84CA788121E91A4700E1A5BC /* PBXTargetDependency */,
			);
			name = NotesUIKIFTests;
			productName = NotesUIKIFTests;
			productReference = 84CA787B21E91A4700E1A5BC /* NotesUIKIFTests.xctest */;
			productType = "com.apple.product-type.bundle.unit-test";
		};
		84F3C0F121E3A2320058B573 /* Notes */ = {
			isa = PBXNativeTarget;
			buildConfigurationList = 84F3C11E21E3A2330058B573 /* Build configuration list for PBXNativeTarget "Notes" */;
			buildPhases = (
				1B8944BFF2F2991989A0CAC1 /* [CP] Check Pods Manifest.lock */,
				84F3C0EE21E3A2320058B573 /* Sources */,
				84F3C0EF21E3A2320058B573 /* Frameworks */,
				84F3C0F021E3A2320058B573 /* Resources */,
				C2C4B4ED389F90AB2950A35D /* [CP] Copy Pods Resources */,
			);
			buildRules = (
			);
			dependencies = (
			);
			name = Notes;
			productName = Notes;
			productReference = 84F3C0F221E3A2320058B573 /* Notes.app */;
			productType = "com.apple.product-type.application";
		};
		84F3C10921E3A2330058B573 /* NotesTests */ = {
			isa = PBXNativeTarget;
			buildConfigurationList = 84F3C12121E3A2330058B573 /* Build configuration list for PBXNativeTarget "NotesTests" */;
			buildPhases = (
				43B45C7FA90DD71B2379021D /* [CP] Check Pods Manifest.lock */,
				84F3C10621E3A2330058B573 /* Sources */,
				84F3C10721E3A2330058B573 /* Frameworks */,
				84F3C10821E3A2330058B573 /* Resources */,
			);
			buildRules = (
			);
			dependencies = (
				84F3C10C21E3A2330058B573 /* PBXTargetDependency */,
			);
			name = NotesTests;
			productName = NotesTests;
			productReference = 84F3C10A21E3A2330058B573 /* NotesTests.xctest */;
			productType = "com.apple.product-type.bundle.unit-test";
		};
/* End PBXNativeTarget section */

/* Begin PBXProject section */
		84F3C0EA21E3A2320058B573 /* Project object */ = {
			isa = PBXProject;
			attributes = {
				LastUpgradeCheck = 1010;
				ORGANIZATIONNAME = admin;
				TargetAttributes = {
					84CA787A21E91A4700E1A5BC = {
						CreatedOnToolsVersion = 10.1;
						TestTargetID = 84F3C0F121E3A2320058B573;
					};
					84F3C0F121E3A2320058B573 = {
						CreatedOnToolsVersion = 10.1;
						LastSwiftMigration = 1010;
					};
					84F3C10921E3A2330058B573 = {
						CreatedOnToolsVersion = 10.1;
						LastSwiftMigration = 1010;
						TestTargetID = 84F3C0F121E3A2320058B573;
					};
				};
			};
			buildConfigurationList = 84F3C0ED21E3A2320058B573 /* Build configuration list for PBXProject "Notes" */;
			compatibilityVersion = "Xcode 9.3";
			developmentRegion = en;
			hasScannedForEncodings = 0;
			knownRegions = (
				en,
				Base,
			);
			mainGroup = 84F3C0E921E3A2320058B573;
			productRefGroup = 84F3C0F321E3A2320058B573 /* Products */;
			projectDirPath = "";
			projectRoot = "";
			targets = (
				84F3C0F121E3A2320058B573 /* Notes */,
				84F3C10921E3A2330058B573 /* NotesTests */,
				84CA787A21E91A4700E1A5BC /* NotesUIKIFTests */,
			);
		};
/* End PBXProject section */

/* Begin PBXResourcesBuildPhase section */
		84CA787921E91A4700E1A5BC /* Resources */ = {
			isa = PBXResourcesBuildPhase;
			buildActionMask = 2147483647;
			files = (
			);
			runOnlyForDeploymentPostprocessing = 0;
		};
		84F3C0F021E3A2320058B573 /* Resources */ = {
			isa = PBXResourcesBuildPhase;
			buildActionMask = 2147483647;
			files = (
				84F3C10221E3A2330058B573 /* LaunchScreen.storyboard in Resources */,
				84F3C0FF21E3A2330058B573 /* Assets.xcassets in Resources */,
				84F3C0FD21E3A2320058B573 /* Main.storyboard in Resources */,
				84F3C13221E3D08F0058B573 /* NoteTableViewCell.xib in Resources */,
				84F3C12821E3A29A0058B573 /* notes.json in Resources */,
			);
			runOnlyForDeploymentPostprocessing = 0;
		};
		84F3C10821E3A2330058B573 /* Resources */ = {
			isa = PBXResourcesBuildPhase;
			buildActionMask = 2147483647;
			files = (
			);
			runOnlyForDeploymentPostprocessing = 0;
		};
/* End PBXResourcesBuildPhase section */

/* Begin PBXShellScriptBuildPhase section */
		1B8944BFF2F2991989A0CAC1 /* [CP] Check Pods Manifest.lock */ = {
			isa = PBXShellScriptBuildPhase;
			buildActionMask = 2147483647;
			files = (
			);
			inputFileListPaths = (
			);
			inputPaths = (
				"${PODS_PODFILE_DIR_PATH}/Podfile.lock",
				"${PODS_ROOT}/Manifest.lock",
			);
			name = "[CP] Check Pods Manifest.lock";
			outputFileListPaths = (
			);
			outputPaths = (
				"$(DERIVED_FILE_DIR)/Pods-Notes-checkManifestLockResult.txt",
			);
			runOnlyForDeploymentPostprocessing = 0;
			shellPath = /bin/sh;
			shellScript = "diff \"${PODS_PODFILE_DIR_PATH}/Podfile.lock\" \"${PODS_ROOT}/Manifest.lock\" > /dev/null\nif [ $? != 0 ] ; then\n    # print error to STDERR\n    echo \"error: The sandbox is not in sync with the Podfile.lock. Run 'pod install' or update your CocoaPods installation.\" >&2\n    exit 1\nfi\n# This output is used by Xcode 'outputs' to avoid re-running this script phase.\necho \"SUCCESS\" > \"${SCRIPT_OUTPUT_FILE_0}\"\n";
			showEnvVarsInLog = 0;
		};
		3766A6F312F9EFECCA1F2534 /* [CP] Check Pods Manifest.lock */ = {
			isa = PBXShellScriptBuildPhase;
			buildActionMask = 2147483647;
			files = (
			);
			inputFileListPaths = (
			);
			inputPaths = (
				"${PODS_PODFILE_DIR_PATH}/Podfile.lock",
				"${PODS_ROOT}/Manifest.lock",
			);
			name = "[CP] Check Pods Manifest.lock";
			outputFileListPaths = (
			);
			outputPaths = (
				"$(DERIVED_FILE_DIR)/Pods-NotesUIKIFTests-checkManifestLockResult.txt",
			);
			runOnlyForDeploymentPostprocessing = 0;
			shellPath = /bin/sh;
			shellScript = "diff \"${PODS_PODFILE_DIR_PATH}/Podfile.lock\" \"${PODS_ROOT}/Manifest.lock\" > /dev/null\nif [ $? != 0 ] ; then\n    # print error to STDERR\n    echo \"error: The sandbox is not in sync with the Podfile.lock. Run 'pod install' or update your CocoaPods installation.\" >&2\n    exit 1\nfi\n# This output is used by Xcode 'outputs' to avoid re-running this script phase.\necho \"SUCCESS\" > \"${SCRIPT_OUTPUT_FILE_0}\"\n";
			showEnvVarsInLog = 0;
		};
		43B45C7FA90DD71B2379021D /* [CP] Check Pods Manifest.lock */ = {
			isa = PBXShellScriptBuildPhase;
			buildActionMask = 2147483647;
			files = (
			);
			inputFileListPaths = (
			);
			inputPaths = (
				"${PODS_PODFILE_DIR_PATH}/Podfile.lock",
				"${PODS_ROOT}/Manifest.lock",
			);
			name = "[CP] Check Pods Manifest.lock";
			outputFileListPaths = (
			);
			outputPaths = (
				"$(DERIVED_FILE_DIR)/Pods-NotesTests-checkManifestLockResult.txt",
			);
			runOnlyForDeploymentPostprocessing = 0;
			shellPath = /bin/sh;
			shellScript = "diff \"${PODS_PODFILE_DIR_PATH}/Podfile.lock\" \"${PODS_ROOT}/Manifest.lock\" > /dev/null\nif [ $? != 0 ] ; then\n    # print error to STDERR\n    echo \"error: The sandbox is not in sync with the Podfile.lock. Run 'pod install' or update your CocoaPods installation.\" >&2\n    exit 1\nfi\n# This output is used by Xcode 'outputs' to avoid re-running this script phase.\necho \"SUCCESS\" > \"${SCRIPT_OUTPUT_FILE_0}\"\n";
			showEnvVarsInLog = 0;
		};
		C2C4B4ED389F90AB2950A35D /* [CP] Copy Pods Resources */ = {
			isa = PBXShellScriptBuildPhase;
			buildActionMask = 2147483647;
			files = (
			);
			inputFileListPaths = (
			);
			inputPaths = (
				"${SRCROOT}/Pods/Target Support Files/Pods-Notes/Pods-Notes-resources.sh",
				"${PODS_CONFIGURATION_BUILD_DIR}/JGProgressHUD/JGProgressHUD.bundle",
			);
			name = "[CP] Copy Pods Resources";
			outputFileListPaths = (
			);
			outputPaths = (
				"${TARGET_BUILD_DIR}/${UNLOCALIZED_RESOURCES_FOLDER_PATH}/JGProgressHUD.bundle",
			);
			runOnlyForDeploymentPostprocessing = 0;
			shellPath = /bin/sh;
			shellScript = "\"${SRCROOT}/Pods/Target Support Files/Pods-Notes/Pods-Notes-resources.sh\"\n";
			showEnvVarsInLog = 0;
		};
/* End PBXShellScriptBuildPhase section */

/* Begin PBXSourcesBuildPhase section */
		84CA787721E91A4700E1A5BC /* Sources */ = {
			isa = PBXSourcesBuildPhase;
			buildActionMask = 2147483647;
			files = (
				84CA787E21E91A4700E1A5BC /* NotesUIKIFTests.m in Sources */,
				84CA788821E91B3E00E1A5BC /* KIFUITestActor+EXAdditions.m in Sources */,
			);
			runOnlyForDeploymentPostprocessing = 0;
		};
		84F3C0EE21E3A2320058B573 /* Sources */ = {
			isa = PBXSourcesBuildPhase;
			buildActionMask = 2147483647;
			files = (
				84F3C0FA21E3A2320058B573 /* ViewController.m in Sources */,
				84F3C10521E3A2330058B573 /* main.m in Sources */,
				8493654421E4F4B600E63BEF /* DataManager.m in Sources */,
				84424D4C21E8E6AA00E11BD1 /* Utils.m in Sources */,
				84F3C12E21E3AC960058B573 /* Category.m in Sources */,
				841EBDE721E7855E0031F735 /* UITextField+Dropdown.swift in Sources */,
				841EBDE921E786320031F735 /* PickerView.swift in Sources */,
				841EBDEB21E7898B0031F735 /* NoteEditViewController.swift in Sources */,
				84F3C13521E3D1180058B573 /* NoteTableViewCell.m in Sources */,
				8421FB1821E66DFF000A3B40 /* NoteDetailsViewController.swift in Sources */,
				84F3C0F721E3A2320058B573 /* AppDelegate.m in Sources */,
				84F3C12B21E3A5AC0058B573 /* Note.m in Sources */,
				848798E121E648C000A1FE15 /* UIViewController+Alerts.m in Sources */,
			);
			runOnlyForDeploymentPostprocessing = 0;
		};
		84F3C10621E3A2330058B573 /* Sources */ = {
			isa = PBXSourcesBuildPhase;
			buildActionMask = 2147483647;
			files = (
				84F3C10F21E3A2330058B573 /* NotesTests.m in Sources */,
				845A298321ED17DB00DCC911 /* NotesKiwiTest.m in Sources */,
				845A298621ED1ADC00DCC911 /* NotesQuickNimbleTest.swift in Sources */,
			);
			runOnlyForDeploymentPostprocessing = 0;
		};
/* End PBXSourcesBuildPhase section */

/* Begin PBXTargetDependency section */
		84CA788121E91A4700E1A5BC /* PBXTargetDependency */ = {
			isa = PBXTargetDependency;
			target = 84F3C0F121E3A2320058B573 /* Notes */;
			targetProxy = 84CA788021E91A4700E1A5BC /* PBXContainerItemProxy */;
		};
		84F3C10C21E3A2330058B573 /* PBXTargetDependency */ = {
			isa = PBXTargetDependency;
			target = 84F3C0F121E3A2320058B573 /* Notes */;
			targetProxy = 84F3C10B21E3A2330058B573 /* PBXContainerItemProxy */;
		};
/* End PBXTargetDependency section */

/* Begin PBXVariantGroup section */
		84F3C0FB21E3A2320058B573 /* Main.storyboard */ = {
			isa = PBXVariantGroup;
			children = (
				84F3C0FC21E3A2320058B573 /* Base */,
			);
			name = Main.storyboard;
			sourceTree = "<group>";
		};
		84F3C10021E3A2330058B573 /* LaunchScreen.storyboard */ = {
			isa = PBXVariantGroup;
			children = (
				84F3C10121E3A2330058B573 /* Base */,
			);
			name = LaunchScreen.storyboard;
			sourceTree = "<group>";
		};
/* End PBXVariantGroup section */

/* Begin XCBuildConfiguration section */
		84CA788321E91A4700E1A5BC /* Debug */ = {
			isa = XCBuildConfiguration;
			baseConfigurationReference = 0004B4C4A925C9CFDF1CBFE3 /* Pods-NotesUIKIFTests.debug.xcconfig */;
			buildSettings = {
				ALWAYS_EMBED_SWIFT_STANDARD_LIBRARIES = YES;
				BUNDLE_LOADER = "$(TEST_HOST)";
				CODE_SIGN_STYLE = Automatic;
				INFOPLIST_FILE = NotesUIKIFTests/Info.plist;
				LD_RUNPATH_SEARCH_PATHS = (
					"$(inherited)",
					"@executable_path/Frameworks",
					"@loader_path/Frameworks",
				);
				OTHER_LDFLAGS = (
					"-framework",
					IOKit,
					"-ObjC",
				);
				PRODUCT_BUNDLE_IDENTIFIER = orangeloops.NotesUIKIFTests;
				PRODUCT_NAME = "$(TARGET_NAME)";
				TARGETED_DEVICE_FAMILY = "1,2";
				TEST_HOST = "$(BUILT_PRODUCTS_DIR)/Notes.app/Notes";
			};
			name = Debug;
		};
		84CA788421E91A4700E1A5BC /* Release */ = {
			isa = XCBuildConfiguration;
			baseConfigurationReference = 53ED43AD47ABDD29E5E8D539 /* Pods-NotesUIKIFTests.release.xcconfig */;
			buildSettings = {
				ALWAYS_EMBED_SWIFT_STANDARD_LIBRARIES = YES;
				BUNDLE_LOADER = "$(TEST_HOST)";
				CODE_SIGN_STYLE = Automatic;
				INFOPLIST_FILE = NotesUIKIFTests/Info.plist;
				LD_RUNPATH_SEARCH_PATHS = (
					"$(inherited)",
					"@executable_path/Frameworks",
					"@loader_path/Frameworks",
				);
				OTHER_LDFLAGS = (
					"-framework",
					IOKit,
					"-ObjC",
				);
				PRODUCT_BUNDLE_IDENTIFIER = orangeloops.NotesUIKIFTests;
				PRODUCT_NAME = "$(TARGET_NAME)";
				TARGETED_DEVICE_FAMILY = "1,2";
				TEST_HOST = "$(BUILT_PRODUCTS_DIR)/Notes.app/Notes";
			};
			name = Release;
		};
		84F3C11C21E3A2330058B573 /* Debug */ = {
			isa = XCBuildConfiguration;
			buildSettings = {
				ALWAYS_SEARCH_USER_PATHS = NO;
				CLANG_ANALYZER_NONNULL = YES;
				CLANG_ANALYZER_NUMBER_OBJECT_CONVERSION = YES_AGGRESSIVE;
				CLANG_CXX_LANGUAGE_STANDARD = "gnu++14";
				CLANG_CXX_LIBRARY = "libc++";
				CLANG_ENABLE_MODULES = YES;
				CLANG_ENABLE_OBJC_ARC = YES;
				CLANG_ENABLE_OBJC_WEAK = YES;
				CLANG_WARN_BLOCK_CAPTURE_AUTORELEASING = YES;
				CLANG_WARN_BOOL_CONVERSION = YES;
				CLANG_WARN_COMMA = YES;
				CLANG_WARN_CONSTANT_CONVERSION = YES;
				CLANG_WARN_DEPRECATED_OBJC_IMPLEMENTATIONS = YES;
				CLANG_WARN_DIRECT_OBJC_ISA_USAGE = YES_ERROR;
				CLANG_WARN_DOCUMENTATION_COMMENTS = YES;
				CLANG_WARN_EMPTY_BODY = YES;
				CLANG_WARN_ENUM_CONVERSION = YES;
				CLANG_WARN_INFINITE_RECURSION = YES;
				CLANG_WARN_INT_CONVERSION = YES;
				CLANG_WARN_NON_LITERAL_NULL_CONVERSION = YES;
				CLANG_WARN_OBJC_IMPLICIT_RETAIN_SELF = YES;
				CLANG_WARN_OBJC_LITERAL_CONVERSION = YES;
				CLANG_WARN_OBJC_ROOT_CLASS = YES_ERROR;
				CLANG_WARN_RANGE_LOOP_ANALYSIS = YES;
				CLANG_WARN_STRICT_PROTOTYPES = YES;
				CLANG_WARN_SUSPICIOUS_MOVE = YES;
				CLANG_WARN_UNGUARDED_AVAILABILITY = YES_AGGRESSIVE;
				CLANG_WARN_UNREACHABLE_CODE = YES;
				CLANG_WARN__DUPLICATE_METHOD_MATCH = YES;
				CODE_SIGN_IDENTITY = "iPhone Developer";
				COPY_PHASE_STRIP = NO;
				DEBUG_INFORMATION_FORMAT = dwarf;
				ENABLE_STRICT_OBJC_MSGSEND = YES;
				ENABLE_TESTABILITY = YES;
				GCC_C_LANGUAGE_STANDARD = gnu11;
				GCC_DYNAMIC_NO_PIC = NO;
				GCC_NO_COMMON_BLOCKS = YES;
				GCC_OPTIMIZATION_LEVEL = 0;
				GCC_PREPROCESSOR_DEFINITIONS = (
					"DEBUG=1",
					"$(inherited)",
				);
				GCC_WARN_64_TO_32_BIT_CONVERSION = YES;
				GCC_WARN_ABOUT_RETURN_TYPE = YES_ERROR;
				GCC_WARN_UNDECLARED_SELECTOR = YES;
				GCC_WARN_UNINITIALIZED_AUTOS = YES_AGGRESSIVE;
				GCC_WARN_UNUSED_FUNCTION = YES;
				GCC_WARN_UNUSED_VARIABLE = YES;
				IPHONEOS_DEPLOYMENT_TARGET = 12.1;
				MTL_ENABLE_DEBUG_INFO = INCLUDE_SOURCE;
				MTL_FAST_MATH = YES;
				ONLY_ACTIVE_ARCH = YES;
				SDKROOT = iphoneos;
			};
			name = Debug;
		};
		84F3C11D21E3A2330058B573 /* Release */ = {
			isa = XCBuildConfiguration;
			buildSettings = {
				ALWAYS_SEARCH_USER_PATHS = NO;
				CLANG_ANALYZER_NONNULL = YES;
				CLANG_ANALYZER_NUMBER_OBJECT_CONVERSION = YES_AGGRESSIVE;
				CLANG_CXX_LANGUAGE_STANDARD = "gnu++14";
				CLANG_CXX_LIBRARY = "libc++";
				CLANG_ENABLE_MODULES = YES;
				CLANG_ENABLE_OBJC_ARC = YES;
				CLANG_ENABLE_OBJC_WEAK = YES;
				CLANG_WARN_BLOCK_CAPTURE_AUTORELEASING = YES;
				CLANG_WARN_BOOL_CONVERSION = YES;
				CLANG_WARN_COMMA = YES;
				CLANG_WARN_CONSTANT_CONVERSION = YES;
				CLANG_WARN_DEPRECATED_OBJC_IMPLEMENTATIONS = YES;
				CLANG_WARN_DIRECT_OBJC_ISA_USAGE = YES_ERROR;
				CLANG_WARN_DOCUMENTATION_COMMENTS = YES;
				CLANG_WARN_EMPTY_BODY = YES;
				CLANG_WARN_ENUM_CONVERSION = YES;
				CLANG_WARN_INFINITE_RECURSION = YES;
				CLANG_WARN_INT_CONVERSION = YES;
				CLANG_WARN_NON_LITERAL_NULL_CONVERSION = YES;
				CLANG_WARN_OBJC_IMPLICIT_RETAIN_SELF = YES;
				CLANG_WARN_OBJC_LITERAL_CONVERSION = YES;
				CLANG_WARN_OBJC_ROOT_CLASS = YES_ERROR;
				CLANG_WARN_RANGE_LOOP_ANALYSIS = YES;
				CLANG_WARN_STRICT_PROTOTYPES = YES;
				CLANG_WARN_SUSPICIOUS_MOVE = YES;
				CLANG_WARN_UNGUARDED_AVAILABILITY = YES_AGGRESSIVE;
				CLANG_WARN_UNREACHABLE_CODE = YES;
				CLANG_WARN__DUPLICATE_METHOD_MATCH = YES;
				CODE_SIGN_IDENTITY = "iPhone Developer";
				COPY_PHASE_STRIP = NO;
				DEBUG_INFORMATION_FORMAT = "dwarf-with-dsym";
				ENABLE_NS_ASSERTIONS = NO;
				ENABLE_STRICT_OBJC_MSGSEND = YES;
				GCC_C_LANGUAGE_STANDARD = gnu11;
				GCC_NO_COMMON_BLOCKS = YES;
				GCC_WARN_64_TO_32_BIT_CONVERSION = YES;
				GCC_WARN_ABOUT_RETURN_TYPE = YES_ERROR;
				GCC_WARN_UNDECLARED_SELECTOR = YES;
				GCC_WARN_UNINITIALIZED_AUTOS = YES_AGGRESSIVE;
				GCC_WARN_UNUSED_FUNCTION = YES;
				GCC_WARN_UNUSED_VARIABLE = YES;
				IPHONEOS_DEPLOYMENT_TARGET = 12.1;
				MTL_ENABLE_DEBUG_INFO = NO;
				MTL_FAST_MATH = YES;
				SDKROOT = iphoneos;
				VALIDATE_PRODUCT = YES;
			};
			name = Release;
		};
		84F3C11F21E3A2330058B573 /* Debug */ = {
			isa = XCBuildConfiguration;
			baseConfigurationReference = 7AC77A354804BDAB62CB8D84 /* Pods-Notes.debug.xcconfig */;
			buildSettings = {
				ASSETCATALOG_COMPILER_APPICON_NAME = AppIcon;
				CLANG_ENABLE_MODULES = YES;
				CODE_SIGN_STYLE = Automatic;
				DEFINES_MODULE = YES;
				INFOPLIST_FILE = Notes/Info.plist;
				LD_RUNPATH_SEARCH_PATHS = (
					"$(inherited)",
					"@executable_path/Frameworks",
				);
				PRODUCT_BUNDLE_IDENTIFIER = orangeloops.Notes;
				PRODUCT_NAME = "$(TARGET_NAME)";
				SWIFT_OBJC_BRIDGING_HEADER = "Notes/Notes-Bridging-Header.h";
				SWIFT_OPTIMIZATION_LEVEL = "-Onone";
				SWIFT_VERSION = 4.2;
				TARGETED_DEVICE_FAMILY = "1,2";
			};
			name = Debug;
		};
		84F3C12021E3A2330058B573 /* Release */ = {
			isa = XCBuildConfiguration;
			baseConfigurationReference = 28386E623299265DBD2D13E0 /* Pods-Notes.release.xcconfig */;
			buildSettings = {
				ASSETCATALOG_COMPILER_APPICON_NAME = AppIcon;
				CLANG_ENABLE_MODULES = YES;
				CODE_SIGN_STYLE = Automatic;
				DEFINES_MODULE = YES;
				INFOPLIST_FILE = Notes/Info.plist;
				LD_RUNPATH_SEARCH_PATHS = (
					"$(inherited)",
					"@executable_path/Frameworks",
				);
				PRODUCT_BUNDLE_IDENTIFIER = orangeloops.Notes;
				PRODUCT_NAME = "$(TARGET_NAME)";
				SWIFT_OBJC_BRIDGING_HEADER = "Notes/Notes-Bridging-Header.h";
				SWIFT_VERSION = 4.2;
				TARGETED_DEVICE_FAMILY = "1,2";
			};
			name = Release;
		};
		84F3C12221E3A2330058B573 /* Debug */ = {
			isa = XCBuildConfiguration;
			baseConfigurationReference = 006FDB1CF1A081A376E6C1BB /* Pods-NotesTests.debug.xcconfig */;
			buildSettings = {
				ALWAYS_EMBED_SWIFT_STANDARD_LIBRARIES = YES;
				BUNDLE_LOADER = "$(TEST_HOST)";
				CLANG_ENABLE_MODULES = YES;
				CODE_SIGN_STYLE = Automatic;
				INFOPLIST_FILE = NotesTests/Info.plist;
				LD_RUNPATH_SEARCH_PATHS = (
					"$(inherited)",
					"@executable_path/Frameworks",
					"@loader_path/Frameworks",
				);
				OTHER_LDFLAGS = (
					"-ObjC",
					"-framework",
					XCtest,
				);
				PRODUCT_BUNDLE_IDENTIFIER = orangeloops.NotesTests;
				PRODUCT_NAME = "$(TARGET_NAME)";
				SWIFT_OBJC_BRIDGING_HEADER = "NotesTests-Bridging-Header.h";
				SWIFT_OPTIMIZATION_LEVEL = "-Onone";
				SWIFT_VERSION = 4.2;
				TARGETED_DEVICE_FAMILY = "1,2";
				TEST_HOST = "$(BUILT_PRODUCTS_DIR)/Notes.app/Notes";
			};
			name = Debug;
		};
		84F3C12321E3A2330058B573 /* Release */ = {
			isa = XCBuildConfiguration;
			baseConfigurationReference = D7343F77B0F27D20E5DB39BD /* Pods-NotesTests.release.xcconfig */;
			buildSettings = {
				ALWAYS_EMBED_SWIFT_STANDARD_LIBRARIES = YES;
				BUNDLE_LOADER = "$(TEST_HOST)";
				CLANG_ENABLE_MODULES = YES;
				CODE_SIGN_STYLE = Automatic;
				INFOPLIST_FILE = NotesTests/Info.plist;
				LD_RUNPATH_SEARCH_PATHS = (
					"$(inherited)",
					"@executable_path/Frameworks",
					"@loader_path/Frameworks",
				);
				OTHER_LDFLAGS = (
					"-ObjC",
					"-framework",
					XCtest,
				);
				PRODUCT_BUNDLE_IDENTIFIER = orangeloops.NotesTests;
				PRODUCT_NAME = "$(TARGET_NAME)";
				SWIFT_OBJC_BRIDGING_HEADER = "NotesTests-Bridging-Header.h";
				SWIFT_VERSION = 4.2;
				TARGETED_DEVICE_FAMILY = "1,2";
				TEST_HOST = "$(BUILT_PRODUCTS_DIR)/Notes.app/Notes";
			};
			name = Release;
		};
/* End XCBuildConfiguration section */

/* Begin XCConfigurationList section */
		84CA788221E91A4700E1A5BC /* Build configuration list for PBXNativeTarget "NotesUIKIFTests" */ = {
			isa = XCConfigurationList;
			buildConfigurations = (
				84CA788321E91A4700E1A5BC /* Debug */,
				84CA788421E91A4700E1A5BC /* Release */,
			);
			defaultConfigurationIsVisible = 0;
			defaultConfigurationName = Release;
		};
		84F3C0ED21E3A2320058B573 /* Build configuration list for PBXProject "Notes" */ = {
			isa = XCConfigurationList;
			buildConfigurations = (
				84F3C11C21E3A2330058B573 /* Debug */,
				84F3C11D21E3A2330058B573 /* Release */,
			);
			defaultConfigurationIsVisible = 0;
			defaultConfigurationName = Release;
		};
		84F3C11E21E3A2330058B573 /* Build configuration list for PBXNativeTarget "Notes" */ = {
			isa = XCConfigurationList;
			buildConfigurations = (
				84F3C11F21E3A2330058B573 /* Debug */,
				84F3C12021E3A2330058B573 /* Release */,
			);
			defaultConfigurationIsVisible = 0;
			defaultConfigurationName = Release;
		};
		84F3C12121E3A2330058B573 /* Build configuration list for PBXNativeTarget "NotesTests" */ = {
			isa = XCConfigurationList;
			buildConfigurations = (
				84F3C12221E3A2330058B573 /* Debug */,
				84F3C12321E3A2330058B573 /* Release */,
			);
			defaultConfigurationIsVisible = 0;
			defaultConfigurationName = Release;
		};
/* End XCConfigurationList section */
	};
	rootObject = 84F3C0EA21E3A2320058B573 /* Project object */;
}
